
Microsoft Visual Studio Solution File, Format Version 12.00
# Visual Studio Version 17
VisualStudioVersion = 17.0.31903.59
MinimumVisualStudioVersion = 10.0.40219.1
Project("{2150E333-8FDC-42A3-9474-1A3956D46DE8}") = "common", "common", "{881589EE-639B-0A35-DBCE-5D94E4FC90C0}"
EndProject
Project("{FAE04EC0-301F-11D3-BF4B-00C04F79EFBC}") = "Common", "common\Common.csproj", "{27773654-1473-4598-8F98-61A45BBBDC4E}"
EndProject
Project("{2150E333-8FDC-42A3-9474-1A3956D46DE8}") = "gateway", "gateway", "{E7BDDBC6-9FD1-D1D7-ACD8-2C4F8E3D2461}"
EndProject
Project("{FAE04EC0-301F-11D3-BF4B-00C04F79EFBC}") = "Gateway", "gateway\Gateway.csproj", "{3CDACC66-4135-4390-AE67-8EBD5AC04F6B}"
EndProject
Project("{2150E333-8FDC-42A3-9474-1A3956D46DE8}") = "catalog", "catalog", "{50761A8C-3A0B-6B1B-86AD-17AC9E1B806D}"
EndProject
Project("{FAE04EC0-301F-11D3-BF4B-00C04F79EFBC}") = "Catalog", "catalog\Catalog.csproj", "{50209244-B983-4856-B1C7-BEAC068D7135}"
EndProject
Project("{2150E333-8FDC-42A3-9474-1A3956D46DE8}") = "core-editor", "core-editor", "{F4F01BF1-D9A2-4E62-14B5-DD221E70B75B}"
EndProject
Project("{FAE04EC0-301F-11D3-BF4B-00C04F79EFBC}") = "CoreEditor", "core-editor\CoreEditor.csproj", "{50B6BA6F-3186-4DF8-9ED5-3A167D8FB986}"
EndProject
Project("{2150E333-8FDC-42A3-9474-1A3956D46DE8}") = "core-query", "core-query", "{C2D03336-FE0E-3BD5-C64E-39295341FCCE}"
EndProject
Project("{FAE04EC0-301F-11D3-BF4B-00C04F79EFBC}") = "CoreQuery", "core-query\CoreQuery.csproj", "{4F269AD0-6D86-4937-AF72-886037C90A6C}"
EndProject
Global
	GlobalSection(SolutionConfigurationPlatforms) = preSolution
		Debug|Any CPU = Debug|Any CPU
		Debug|x64 = Debug|x64
		Debug|x86 = Debug|x86
		Release|Any CPU = Release|Any CPU
		Release|x64 = Release|x64
		Release|x86 = Release|x86
	EndGlobalSection
	GlobalSection(ProjectConfigurationPlatforms) = postSolution
		{27773654-1473-4598-8F98-61A45BBBDC4E}.Debug|Any CPU.ActiveCfg = Debug|Any CPU
		{27773654-1473-4598-8F98-61A45BBBDC4E}.Debug|Any CPU.Build.0 = Debug|Any CPU
		{27773654-1473-4598-8F98-61A45BBBDC4E}.Debug|x64.ActiveCfg = Debug|Any CPU
		{27773654-1473-4598-8F98-61A45BBBDC4E}.Debug|x64.Build.0 = Debug|Any CPU
		{27773654-1473-4598-8F98-61A45BBBDC4E}.Debug|x86.ActiveCfg = Debug|Any CPU
		{27773654-1473-4598-8F98-61A45BBBDC4E}.Debug|x86.Build.0 = Debug|Any CPU
		{27773654-1473-4598-8F98-61A45BBBDC4E}.Release|Any CPU.ActiveCfg = Release|Any CPU
		{27773654-1473-4598-8F98-61A45BBBDC4E}.Release|Any CPU.Build.0 = Release|Any CPU
		{27773654-1473-4598-8F98-61A45BBBDC4E}.Release|x64.ActiveCfg = Release|Any CPU
		{27773654-1473-4598-8F98-61A45BBBDC4E}.Release|x64.Build.0 = Release|Any CPU
		{27773654-1473-4598-8F98-61A45BBBDC4E}.Release|x86.ActiveCfg = Release|Any CPU
		{27773654-1473-4598-8F98-61A45BBBDC4E}.Release|x86.Build.0 = Release|Any CPU
		{3CDACC66-4135-4390-AE67-8EBD5AC04F6B}.Debug|Any CPU.ActiveCfg = Debug|Any CPU
		{3CDACC66-4135-4390-AE67-8EBD5AC04F6B}.Debug|Any CPU.Build.0 = Debug|Any CPU
		{3CDACC66-4135-4390-AE67-8EBD5AC04F6B}.Debug|x64.ActiveCfg = Debug|Any CPU
		{3CDACC66-4135-4390-AE67-8EBD5AC04F6B}.Debug|x64.Build.0 = Debug|Any CPU
		{3CDACC66-4135-4390-AE67-8EBD5AC04F6B}.Debug|x86.ActiveCfg = Debug|Any CPU
		{3CDACC66-4135-4390-AE67-8EBD5AC04F6B}.Debug|x86.Build.0 = Debug|Any CPU
		{3CDACC66-4135-4390-AE67-8EBD5AC04F6B}.Release|Any CPU.ActiveCfg = Release|Any CPU
		{3CDACC66-4135-4390-AE67-8EBD5AC04F6B}.Release|Any CPU.Build.0 = Release|Any CPU
		{3CDACC66-4135-4390-AE67-8EBD5AC04F6B}.Release|x64.ActiveCfg = Release|Any CPU
		{3CDACC66-4135-4390-AE67-8EBD5AC04F6B}.Release|x64.Build.0 = Release|Any CPU
		{3CDACC66-4135-4390-AE67-8EBD5AC04F6B}.Release|x86.ActiveCfg = Release|Any CPU
		{3CDACC66-4135-4390-AE67-8EBD5AC04F6B}.Release|x86.Build.0 = Release|Any CPU
		{50209244-B983-4856-B1C7-BEAC068D7135}.Debug|Any CPU.ActiveCfg = Debug|Any CPU
		{50209244-B983-4856-B1C7-BEAC068D7135}.Debug|Any CPU.Build.0 = Debug|Any CPU
		{50209244-B983-4856-B1C7-BEAC068D7135}.Debug|x64.ActiveCfg = Debug|Any CPU
		{50209244-B983-4856-B1C7-BEAC068D7135}.Debug|x64.Build.0 = Debug|Any CPU
		{50209244-B983-4856-B1C7-BEAC068D7135}.Debug|x86.ActiveCfg = Debug|Any CPU
		{50209244-B983-4856-B1C7-BEAC068D7135}.Debug|x86.Build.0 = Debug|Any CPU
		{50209244-B983-4856-B1C7-BEAC068D7135}.Release|Any CPU.ActiveCfg = Release|Any CPU
		{50209244-B983-4856-B1C7-BEAC068D7135}.Release|Any CPU.Build.0 = Release|Any CPU
		{50209244-B983-4856-B1C7-BEAC068D7135}.Release|x64.ActiveCfg = Release|Any CPU
		{50209244-B983-4856-B1C7-BEAC068D7135}.Release|x64.Build.0 = Release|Any CPU
		{50209244-B983-4856-B1C7-BEAC068D7135}.Release|x86.ActiveCfg = Release|Any CPU
		{50209244-B983-4856-B1C7-BEAC068D7135}.Release|x86.Build.0 = Release|Any CPU
		{50B6BA6F-3186-4DF8-9ED5-3A167D8FB986}.Debug|Any CPU.ActiveCfg = Debug|Any CPU
		{50B6BA6F-3186-4DF8-9ED5-3A167D8FB986}.Debug|Any CPU.Build.0 = Debug|Any CPU
		{50B6BA6F-3186-4DF8-9ED5-3A167D8FB986}.Debug|x64.ActiveCfg = Debug|Any CPU
		{50B6BA6F-3186-4DF8-9ED5-3A167D8FB986}.Debug|x64.Build.0 = Debug|Any CPU
		{50B6BA6F-3186-4DF8-9ED5-3A167D8FB986}.Debug|x86.ActiveCfg = Debug|Any CPU
		{50B6BA6F-3186-4DF8-9ED5-3A167D8FB986}.Debug|x86.Build.0 = Debug|Any CPU
		{50B6BA6F-3186-4DF8-9ED5-3A167D8FB986}.Release|Any CPU.ActiveCfg = Release|Any CPU
		{50B6BA6F-3186-4DF8-9ED5-3A167D8FB986}.Release|Any CPU.Build.0 = Release|Any CPU
		{50B6BA6F-3186-4DF8-9ED5-3A167D8FB986}.Release|x64.ActiveCfg = Release|Any CPU
		{50B6BA6F-3186-4DF8-9ED5-3A167D8FB986}.Release|x64.Build.0 = Release|Any CPU
		{50B6BA6F-3186-4DF8-9ED5-3A167D8FB986}.Release|x86.ActiveCfg = Release|Any CPU
		{50B6BA6F-3186-4DF8-9ED5-3A167D8FB986}.Release|x86.Build.0 = Release|Any CPU
		{4F269AD0-6D86-4937-AF72-886037C90A6C}.Debug|Any CPU.ActiveCfg = Debug|Any CPU
		{4F269AD0-6D86-4937-AF72-886037C90A6C}.Debug|Any CPU.Build.0 = Debug|Any CPU
		{4F269AD0-6D86-4937-AF72-886037C90A6C}.Debug|x64.ActiveCfg = Debug|Any CPU
		{4F269AD0-6D86-4937-AF72-886037C90A6C}.Debug|x64.Build.0 = Debug|Any CPU
		{4F269AD0-6D86-4937-AF72-886037C90A6C}.Debug|x86.ActiveCfg = Debug|Any CPU
		{4F269AD0-6D86-4937-AF72-886037C90A6C}.Debug|x86.Build.0 = Debug|Any CPU
		{4F269AD0-6D86-4937-AF72-886037C90A6C}.Release|Any CPU.ActiveCfg = Release|Any CPU
		{4F269AD0-6D86-4937-AF72-886037C90A6C}.Release|Any CPU.Build.0 = Release|Any CPU
		{4F269AD0-6D86-4937-AF72-886037C90A6C}.Release|x64.ActiveCfg = Release|Any CPU
		{4F269AD0-6D86-4937-AF72-886037C90A6C}.Release|x64.Build.0 = Release|Any CPU
		{4F269AD0-6D86-4937-AF72-886037C90A6C}.Release|x86.ActiveCfg = Release|Any CPU
		{4F269AD0-6D86-4937-AF72-886037C90A6C}.Release|x86.Build.0 = Release|Any CPU
	EndGlobalSection
	GlobalSection(SolutionProperties) = preSolution
		HideSolutionNode = FALSE
	EndGlobalSection
	GlobalSection(NestedProjects) = preSolution
		{27773654-1473-4598-8F98-61A45BBBDC4E} = {881589EE-639B-0A35-DBCE-5D94E4FC90C0}
		{3CDACC66-4135-4390-AE67-8EBD5AC04F6B} = {E7BDDBC6-9FD1-D1D7-ACD8-2C4F8E3D2461}
		{50209244-B983-4856-B1C7-BEAC068D7135} = {50761A8C-3A0B-6B1B-86AD-17AC9E1B806D}
		{50B6BA6F-3186-4DF8-9ED5-3A167D8FB986} = {F4F01BF1-D9A2-4E62-14B5-DD221E70B75B}
		{4F269AD0-6D86-4937-AF72-886037C90A6C} = {C2D03336-FE0E-3BD5-C64E-39295341FCCE}
	EndGlobalSection
EndGlobal
